
Microsoft Visual Studio Solution File, Format Version 12.00
# Visual Studio Version 17
VisualStudioVersion = 17.6.33723.286
MinimumVisualStudioVersion = 10.0.40219.1
Project("{FAE04EC0-301F-11D3-BF4B-00C04F79EFBC}") = "ef_demo_db", "ef_demo_db\ef_demo_db.csproj", "{1265C94B-A964-4C21-B2BE-CDE48F654148}"
EndProject
Global
	GlobalSection(SolutionConfigurationPlatforms) = preSolution
		Debug|Any CPU = Debug|Any CPU
		Release|Any CPU = Release|Any CPU
	EndGlobalSection
	GlobalSection(ProjectConfigurationPlatforms) = postSolution
		{1265C94B-A964-4C21-B2BE-CDE48F654148}.Debug|Any CPU.ActiveCfg = Debug|Any CPU
		{1265C94B-A964-4C21-B2BE-CDE48F654148}.Debug|Any CPU.Build.0 = Debug|Any CPU
		{1265C94B-A964-4C21-B2BE-CDE48F654148}.Release|Any CPU.ActiveCfg = Release|Any CPU
		{1265C94B-A964-4C21-B2BE-CDE48F654148}.Release|Any CPU.Build.0 = Release|Any CPU
	EndGlobalSection
	GlobalSection(SolutionProperties) = preSolution
		HideSolutionNode = FALSE
	EndGlobalSection
	GlobalSection(ExtensibilityGlobals) = postSolution
		SolutionGuid = {56C1D710-9518-4607-8F0E-D39E813D975E}
	EndGlobalSection
EndGlobal
