
Microsoft Visual Studio Solution File, Format Version 12.00
# Visual Studio Version 17
VisualStudioVersion = 17.6.33723.286
MinimumVisualStudioVersion = 10.0.40219.1
Project("{FAE04EC0-301F-11D3-BF4B-00C04F79EFBC}") = "Extension_methods", "Extension_methods\Extension_methods.csproj", "{A2B8C06B-4C76-4BDD-9761-ADDDA382EB9B}"
EndProject
Global
	GlobalSection(SolutionConfigurationPlatforms) = preSolution
		Debug|Any CPU = Debug|Any CPU
		Release|Any CPU = Release|Any CPU
	EndGlobalSection
	GlobalSection(ProjectConfigurationPlatforms) = postSolution
		{A2B8C06B-4C76-4BDD-9761-ADDDA382EB9B}.Debug|Any CPU.ActiveCfg = Debug|Any CPU
		{A2B8C06B-4C76-4BDD-9761-ADDDA382EB9B}.Debug|Any CPU.Build.0 = Debug|Any CPU
		{A2B8C06B-4C76-4BDD-9761-ADDDA382EB9B}.Release|Any CPU.ActiveCfg = Release|Any CPU
		{A2B8C06B-4C76-4BDD-9761-ADDDA382EB9B}.Release|Any CPU.Build.0 = Release|Any CPU
	EndGlobalSection
	GlobalSection(SolutionProperties) = preSolution
		HideSolutionNode = FALSE
	EndGlobalSection
	GlobalSection(ExtensibilityGlobals) = postSolution
		SolutionGuid = {DA6A7067-3127-4104-94B5-071199150D16}
	EndGlobalSection
EndGlobal
