
Microsoft Visual Studio Solution File, Format Version 12.00
# Visual Studio Version 17
VisualStudioVersion = 17.6.33723.286
MinimumVisualStudioVersion = 10.0.40219.1
Project("{FAE04EC0-301F-11D3-BF4B-00C04F79EFBC}") = "EF_postgres_demo", "EF_postgres_demo\EF_postgres_demo.csproj", "{E2ACAC04-534D-4BA1-B255-5B3036DB14BD}"
EndProject
Global
	GlobalSection(SolutionConfigurationPlatforms) = preSolution
		Debug|Any CPU = Debug|Any CPU
		Release|Any CPU = Release|Any CPU
	EndGlobalSection
	GlobalSection(ProjectConfigurationPlatforms) = postSolution
		{E2ACAC04-534D-4BA1-B255-5B3036DB14BD}.Debug|Any CPU.ActiveCfg = Debug|Any CPU
		{E2ACAC04-534D-4BA1-B255-5B3036DB14BD}.Debug|Any CPU.Build.0 = Debug|Any CPU
		{E2ACAC04-534D-4BA1-B255-5B3036DB14BD}.Release|Any CPU.ActiveCfg = Release|Any CPU
		{E2ACAC04-534D-4BA1-B255-5B3036DB14BD}.Release|Any CPU.Build.0 = Release|Any CPU
	EndGlobalSection
	GlobalSection(SolutionProperties) = preSolution
		HideSolutionNode = FALSE
	EndGlobalSection
	GlobalSection(ExtensibilityGlobals) = postSolution
		SolutionGuid = {F82305CD-A018-4FE9-B873-F75D964029CE}
	EndGlobalSection
EndGlobal
